
Microsoft Visual Studio Solution File, Format Version 12.00
# Visual Studio Version 17
VisualStudioVersion = 17.8.34330.188
MinimumVisualStudioVersion = 10.0.40219.1
Project("{FAE04EC0-301F-11D3-BF4B-00C04F79EFBC}") = "Exams", "Exams\Exams.csproj", "{A167C5D0-A7D2-4053-A345-69674B4EC95B}"
EndProject
Global
	GlobalSection(SolutionConfigurationPlatforms) = preSolution
		Debug|Any CPU = Debug|Any CPU
		Release|Any CPU = Release|Any CPU
	EndGlobalSection
	GlobalSection(ProjectConfigurationPlatforms) = postSolution
		{A167C5D0-A7D2-4053-A345-69674B4EC95B}.Debug|Any CPU.ActiveCfg = Debug|Any CPU
		{A167C5D0-A7D2-4053-A345-69674B4EC95B}.Debug|Any CPU.Build.0 = Debug|Any CPU
		{A167C5D0-A7D2-4053-A345-69674B4EC95B}.Release|Any CPU.ActiveCfg = Release|Any CPU
		{A167C5D0-A7D2-4053-A345-69674B4EC95B}.Release|Any CPU.Build.0 = Release|Any CPU
	EndGlobalSection
	GlobalSection(SolutionProperties) = preSolution
		HideSolutionNode = FALSE
	EndGlobalSection
	GlobalSection(ExtensibilityGlobals) = postSolution
		SolutionGuid = {79312039-E6BD-4EA2-AC8B-3DB077502778}
	EndGlobalSection
EndGlobal
